
Microsoft Visual Studio Solution File, Format Version 12.00
# Visual Studio Version 17
VisualStudioVersion = 17.3.32901.215
MinimumVisualStudioVersion = 10.0.40219.1
Project("{FAE04EC0-301F-11D3-BF4B-00C04F79EFBC}") = "ExampleBlog", "ExampleBlog\ExampleBlog.csproj", "{32C66697-A0B2-4C7C-B503-BEF9FD284CDF}"
EndProject
Global
	GlobalSection(SolutionConfigurationPlatforms) = preSolution
		Debug|Any CPU = Debug|Any CPU
		Release|Any CPU = Release|Any CPU
	EndGlobalSection
	GlobalSection(ProjectConfigurationPlatforms) = postSolution
		{32C66697-A0B2-4C7C-B503-BEF9FD284CDF}.Debug|Any CPU.ActiveCfg = Debug|Any CPU
		{32C66697-A0B2-4C7C-B503-BEF9FD284CDF}.Debug|Any CPU.Build.0 = Debug|Any CPU
		{32C66697-A0B2-4C7C-B503-BEF9FD284CDF}.Release|Any CPU.ActiveCfg = Release|Any CPU
		{32C66697-A0B2-4C7C-B503-BEF9FD284CDF}.Release|Any CPU.Build.0 = Release|Any CPU
	EndGlobalSection
	GlobalSection(SolutionProperties) = preSolution
		HideSolutionNode = FALSE
	EndGlobalSection
	GlobalSection(ExtensibilityGlobals) = postSolution
		SolutionGuid = {259FB3A4-D89D-43D0-9AE0-39380979DFEE}
	EndGlobalSection
EndGlobal
